// !$*UTF8*$!
{
	archiveVersion = 1;
	classes = {
	};
	objectVersion = 50;
	objects = {

/* Begin PBXBuildFile section */
		31AEBDB4271C68C10004BBB9 /* LowTempApp.swift in Sources */ = {isa = PBXBuildFile; fileRef = 31AEBDB3271C68C10004BBB9 /* LowTempApp.swift */; };
		31AEBDB6271C68C10004BBB9 /* ContentView.swift in Sources */ = {isa = PBXBuildFile; fileRef = 31AEBDB5271C68C10004BBB9 /* ContentView.swift */; };
		31AEBDB8271C68C30004BBB9 /* Assets.xcassets in Resources */ = {isa = PBXBuildFile; fileRef = 31AEBDB7271C68C30004BBB9 /* Assets.xcassets */; };
		31AEBDBB271C68C30004BBB9 /* Preview Assets.xcassets in Resources */ = {isa = PBXBuildFile; fileRef = 31AEBDBA271C68C30004BBB9 /* Preview Assets.xcassets */; };
		31AEBDC3271C718A0004BBB9 /* Thermometer.swift in Sources */ = {isa = PBXBuildFile; fileRef = 31AEBDC2271C718A0004BBB9 /* Thermometer.swift */; };
		31AEBDC5271C73EC0004BBB9 /* ThermometerRow.swift in Sources */ = {isa = PBXBuildFile; fileRef = 31AEBDC4271C73EC0004BBB9 /* ThermometerRow.swift */; };
		31AEBDC7271C7AE50004BBB9 /* ThermometerDetail.swift in Sources */ = {isa = PBXBuildFile; fileRef = 31AEBDC6271C7AE50004BBB9 /* ThermometerDetail.swift */; };
/* End PBXBuildFile section */

/* Begin PBXFileReference section */
		31AEBDB0271C68C10004BBB9 /* LowTemp.app */ = {isa = PBXFileReference; explicitFileType = wrapper.application; includeInIndex = 0; path = LowTemp.app; sourceTree = BUILT_PRODUCTS_DIR; };
		31AEBDB3271C68C10004BBB9 /* LowTempApp.swift */ = {isa = PBXFileReference; lastKnownFileType = sourcecode.swift; path = LowTempApp.swift; sourceTree = "<group>"; };
		31AEBDB5271C68C10004BBB9 /* ContentView.swift */ = {isa = PBXFileReference; lastKnownFileType = sourcecode.swift; path = ContentView.swift; sourceTree = "<group>"; };
		31AEBDB7271C68C30004BBB9 /* Assets.xcassets */ = {isa = PBXFileReference; lastKnownFileType = folder.assetcatalog; path = Assets.xcassets; sourceTree = "<group>"; };
		31AEBDBA271C68C30004BBB9 /* Preview Assets.xcassets */ = {isa = PBXFileReference; lastKnownFileType = folder.assetcatalog; path = "Preview Assets.xcassets"; sourceTree = "<group>"; };
		31AEBDBC271C68C30004BBB9 /* Info.plist */ = {isa = PBXFileReference; lastKnownFileType = text.plist.xml; path = Info.plist; sourceTree = "<group>"; };
		31AEBDC2271C718A0004BBB9 /* Thermometer.swift */ = {isa = PBXFileReference; lastKnownFileType = sourcecode.swift; path = Thermometer.swift; sourceTree = "<group>"; };
		31AEBDC4271C73EC0004BBB9 /* ThermometerRow.swift */ = {isa = PBXFileReference; lastKnownFileType = sourcecode.swift; path = ThermometerRow.swift; sourceTree = "<group>"; };
		31AEBDC6271C7AE50004BBB9 /* ThermometerDetail.swift */ = {isa = PBXFileReference; lastKnownFileType = sourcecode.swift; path = ThermometerDetail.swift; sourceTree = "<group>"; };
/* End PBXFileReference section */

/* Begin PBXFrameworksBuildPhase section */
		31AEBDAD271C68C10004BBB9 /* Frameworks */ = {
			isa = PBXFrameworksBuildPhase;
			buildActionMask = 2147483647;
			files = (
			);
			runOnlyForDeploymentPostprocessing = 0;
		};
/* End PBXFrameworksBuildPhase section */

/* Begin PBXGroup section */
		31AEBDA7271C68C10004BBB9 = {
			isa = PBXGroup;
			children = (
				31AEBDB2271C68C10004BBB9 /* LowTemp */,
				31AEBDB1271C68C10004BBB9 /* Products */,
			);
			sourceTree = "<group>";
		};
		31AEBDB1271C68C10004BBB9 /* Products */ = {
			isa = PBXGroup;
			children = (
				31AEBDB0271C68C10004BBB9 /* LowTemp.app */,
			);
			name = Products;
			sourceTree = "<group>";
		};
		31AEBDB2271C68C10004BBB9 /* LowTemp */ = {
			isa = PBXGroup;
			children = (
				31AEBDB7271C68C30004BBB9 /* Assets.xcassets */,
				31AEBDBC271C68C30004BBB9 /* Info.plist */,
				31AEBDB9271C68C30004BBB9 /* Preview Content */,
				31AEBDB3271C68C10004BBB9 /* LowTempApp.swift */,
				31AEBDB5271C68C10004BBB9 /* ContentView.swift */,
				31AEBDC2271C718A0004BBB9 /* Thermometer.swift */,
				31AEBDC4271C73EC0004BBB9 /* ThermometerRow.swift */,
				31AEBDC6271C7AE50004BBB9 /* ThermometerDetail.swift */,
			);
			path = LowTemp;
			sourceTree = "<group>";
		};
		31AEBDB9271C68C30004BBB9 /* Preview Content */ = {
			isa = PBXGroup;
			children = (
				31AEBDBA271C68C30004BBB9 /* Preview Assets.xcassets */,
			);
			path = "Preview Content";
			sourceTree = "<group>";
		};
/* End PBXGroup section */

/* Begin PBXNativeTarget section */
		31AEBDAF271C68C10004BBB9 /* LowTemp */ = {
			isa = PBXNativeTarget;
			buildConfigurationList = 31AEBDBF271C68C30004BBB9 /* Build configuration list for PBXNativeTarget "LowTemp" */;
			buildPhases = (
				31AEBDAC271C68C10004BBB9 /* Sources */,
				31AEBDAD271C68C10004BBB9 /* Frameworks */,
				31AEBDAE271C68C10004BBB9 /* Resources */,
			);
			buildRules = (
			);
			dependencies = (
			);
			name = LowTemp;
			productName = LowTemp;
			productReference = 31AEBDB0271C68C10004BBB9 /* LowTemp.app */;
			productType = "com.apple.product-type.application";
		};
/* End PBXNativeTarget section */

/* Begin PBXProject section */
		31AEBDA8271C68C10004BBB9 /* Project object */ = {
			isa = PBXProject;
			attributes = {
				LastSwiftUpdateCheck = 1250;
				LastUpgradeCheck = 1250;
				TargetAttributes = {
					31AEBDAF271C68C10004BBB9 = {
						CreatedOnToolsVersion = 12.5.1;
					};
				};
			};
			buildConfigurationList = 31AEBDAB271C68C10004BBB9 /* Build configuration list for PBXProject "LowTemp" */;
			compatibilityVersion = "Xcode 9.3";
			developmentRegion = en;
			hasScannedForEncodings = 0;
			knownRegions = (
				en,
				Base,
			);
			mainGroup = 31AEBDA7271C68C10004BBB9;
			productRefGroup = 31AEBDB1271C68C10004BBB9 /* Products */;
			projectDirPath = "";
			projectRoot = "";
			targets = (
				31AEBDAF271C68C10004BBB9 /* LowTemp */,
			);
		};
/* End PBXProject section */

/* Begin PBXResourcesBuildPhase section */
		31AEBDAE271C68C10004BBB9 /* Resources */ = {
			isa = PBXResourcesBuildPhase;
			buildActionMask = 2147483647;
			files = (
				31AEBDBB271C68C30004BBB9 /* Preview Assets.xcassets in Resources */,
				31AEBDB8271C68C30004BBB9 /* Assets.xcassets in Resources */,
			);
			runOnlyForDeploymentPostprocessing = 0;
		};
/* End PBXResourcesBuildPhase section */

/* Begin PBXSourcesBuildPhase section */
		31AEBDAC271C68C10004BBB9 /* Sources */ = {
			isa = PBXSourcesBuildPhase;
			buildActionMask = 2147483647;
			files = (
				31AEBDB6271C68C10004BBB9 /* ContentView.swift in Sources */,
				31AEBDB4271C68C10004BBB9 /* LowTempApp.swift in Sources */,
				31AEBDC7271C7AE50004BBB9 /* ThermometerDetail.swift in Sources */,
				31AEBDC3271C718A0004BBB9 /* Thermometer.swift in Sources */,
				31AEBDC5271C73EC0004BBB9 /* ThermometerRow.swift in Sources */,
			);
			runOnlyForDeploymentPostprocessing = 0;
		};
/* End PBXSourcesBuildPhase section */

/* Begin XCBuildConfiguration section */
		31AEBDBD271C68C30004BBB9 /* Debug */ = {
			isa = XCBuildConfiguration;
			buildSettings = {
				ALWAYS_SEARCH_USER_PATHS = NO;
				CLANG_ANALYZER_NONNULL = YES;
				CLANG_ANALYZER_NUMBER_OBJECT_CONVERSION = YES_AGGRESSIVE;
				CLANG_CXX_LANGUAGE_STANDARD = "gnu++14";
				CLANG_CXX_LIBRARY = "libc++";
				CLANG_ENABLE_MODULES = YES;
				CLANG_ENABLE_OBJC_ARC = YES;
				CLANG_ENABLE_OBJC_WEAK = YES;
				CLANG_WARN_BLOCK_CAPTURE_AUTORELEASING = YES;
				CLANG_WARN_BOOL_CONVERSION = YES;
				CLANG_WARN_COMMA = YES;
				CLANG_WARN_CONSTANT_CONVERSION = YES;
				CLANG_WARN_DEPRECATED_OBJC_IMPLEMENTATIONS = YES;
				CLANG_WARN_DIRECT_OBJC_ISA_USAGE = YES_ERROR;
				CLANG_WARN_DOCUMENTATION_COMMENTS = YES;
				CLANG_WARN_EMPTY_BODY = YES;
				CLANG_WARN_ENUM_CONVERSION = YES;
				CLANG_WARN_INFINITE_RECURSION = YES;
				CLANG_WARN_INT_CONVERSION = YES;
				CLANG_WARN_NON_LITERAL_NULL_CONVERSION = YES;
				CLANG_WARN_OBJC_IMPLICIT_RETAIN_SELF = YES;
				CLANG_WARN_OBJC_LITERAL_CONVERSION = YES;
				CLANG_WARN_OBJC_ROOT_CLASS = YES_ERROR;
				CLANG_WARN_QUOTED_INCLUDE_IN_FRAMEWORK_HEADER = YES;
				CLANG_WARN_RANGE_LOOP_ANALYSIS = YES;
				CLANG_WARN_STRICT_PROTOTYPES = YES;
				CLANG_WARN_SUSPICIOUS_MOVE = YES;
				CLANG_WARN_UNGUARDED_AVAILABILITY = YES_AGGRESSIVE;
				CLANG_WARN_UNREACHABLE_CODE = YES;
				CLANG_WARN__DUPLICATE_METHOD_MATCH = YES;
				COPY_PHASE_STRIP = NO;
				DEBUG_INFORMATION_FORMAT = dwarf;
				ENABLE_STRICT_OBJC_MSGSEND = YES;
				ENABLE_TESTABILITY = YES;
				GCC_C_LANGUAGE_STANDARD = gnu11;
				GCC_DYNAMIC_NO_PIC = NO;
				GCC_NO_COMMON_BLOCKS = YES;
				GCC_OPTIMIZATION_LEVEL = 0;
				GCC_PREPROCESSOR_DEFINITIONS = (
					"DEBUG=1",
					"$(inherited)",
				);
				GCC_WARN_64_TO_32_BIT_CONVERSION = YES;
				GCC_WARN_ABOUT_RETURN_TYPE = YES_ERROR;
				GCC_WARN_UNDECLARED_SELECTOR = YES;
				GCC_WARN_UNINITIALIZED_AUTOS = YES_AGGRESSIVE;
				GCC_WARN_UNUSED_FUNCTION = YES;
				GCC_WARN_UNUSED_VARIABLE = YES;
				IPHONEOS_DEPLOYMENT_TARGET = 14.5;
				MTL_ENABLE_DEBUG_INFO = INCLUDE_SOURCE;
				MTL_FAST_MATH = YES;
				ONLY_ACTIVE_ARCH = YES;
				SDKROOT = iphoneos;
				SWIFT_ACTIVE_COMPILATION_CONDITIONS = DEBUG;
				SWIFT_OPTIMIZATION_LEVEL = "-Onone";
			};
			name = Debug;
		};
		31AEBDBE271C68C30004BBB9 /* Release */ = {
			isa = XCBuildConfiguration;
			buildSettings = {
				ALWAYS_SEARCH_USER_PATHS = NO;
				CLANG_ANALYZER_NONNULL = YES;
				CLANG_ANALYZER_NUMBER_OBJECT_CONVERSION = YES_AGGRESSIVE;
				CLANG_CXX_LANGUAGE_STANDARD = "gnu++14";
				CLANG_CXX_LIBRARY = "libc++";
				CLANG_ENABLE_MODULES = YES;
				CLANG_ENABLE_OBJC_ARC = YES;
				CLANG_ENABLE_OBJC_WEAK = YES;
				CLANG_WARN_BLOCK_CAPTURE_AUTORELEASING = YES;
				CLANG_WARN_BOOL_CONVERSION = YES;
				CLANG_WARN_COMMA = YES;
				CLANG_WARN_CONSTANT_CONVERSION = YES;
				CLANG_WARN_DEPRECATED_OBJC_IMPLEMENTATIONS = YES;
				CLANG_WARN_DIRECT_OBJC_ISA_USAGE = YES_ERROR;
				CLANG_WARN_DOCUMENTATION_COMMENTS = YES;
				CLANG_WARN_EMPTY_BODY = YES;
				CLANG_WARN_ENUM_CONVERSION = YES;
				CLANG_WARN_INFINITE_RECURSION = YES;
				CLANG_WARN_INT_CONVERSION = YES;
				CLANG_WARN_NON_LITERAL_NULL_CONVERSION = YES;
				CLANG_WARN_OBJC_IMPLICIT_RETAIN_SELF = YES;
				CLANG_WARN_OBJC_LITERAL_CONVERSION = YES;
				CLANG_WARN_OBJC_ROOT_CLASS = YES_ERROR;
				CLANG_WARN_QUOTED_INCLUDE_IN_FRAMEWORK_HEADER = YES;
				CLANG_WARN_RANGE_LOOP_ANALYSIS = YES;
				CLANG_WARN_STRICT_PROTOTYPES = YES;
				CLANG_WARN_SUSPICIOUS_MOVE = YES;
				CLANG_WARN_UNGUARDED_AVAILABILITY = YES_AGGRESSIVE;
				CLANG_WARN_UNREACHABLE_CODE = YES;
				CLANG_WARN__DUPLICATE_METHOD_MATCH = YES;
				COPY_PHASE_STRIP = NO;
				DEBUG_INFORMATION_FORMAT = "dwarf-with-dsym";
				ENABLE_NS_ASSERTIONS = NO;
				ENABLE_STRICT_OBJC_MSGSEND = YES;
				GCC_C_LANGUAGE_STANDARD = gnu11;
				GCC_NO_COMMON_BLOCKS = YES;
				GCC_WARN_64_TO_32_BIT_CONVERSION = YES;
				GCC_WARN_ABOUT_RETURN_TYPE = YES_ERROR;
				GCC_WARN_UNDECLARED_SELECTOR = YES;
				GCC_WARN_UNINITIALIZED_AUTOS = YES_AGGRESSIVE;
				GCC_WARN_UNUSED_FUNCTION = YES;
				GCC_WARN_UNUSED_VARIABLE = YES;
				IPHONEOS_DEPLOYMENT_TARGET = 14.5;
				MTL_ENABLE_DEBUG_INFO = NO;
				MTL_FAST_MATH = YES;
				SDKROOT = iphoneos;
				SWIFT_COMPILATION_MODE = wholemodule;
				SWIFT_OPTIMIZATION_LEVEL = "-O";
				VALIDATE_PRODUCT = YES;
			};
			name = Release;
		};
		31AEBDC0271C68C30004BBB9 /* Debug */ = {
			isa = XCBuildConfiguration;
			buildSettings = {
				ASSETCATALOG_COMPILER_APPICON_NAME = AppIcon;
				ASSETCATALOG_COMPILER_GLOBAL_ACCENT_COLOR_NAME = AccentColor;
				CODE_SIGN_STYLE = Automatic;
				DEVELOPMENT_ASSET_PATHS = "\"LowTemp/Preview Content\"";
				DEVELOPMENT_TEAM = B495R386KM;
				ENABLE_PREVIEWS = YES;
				INFOPLIST_FILE = LowTemp/Info.plist;
				IPHONEOS_DEPLOYMENT_TARGET = 14.0;
				LD_RUNPATH_SEARCH_PATHS = (
					"$(inherited)",
					"@executable_path/Frameworks",
				);
				PRODUCT_BUNDLE_IDENTIFIER = com.allendav.LowTemp;
				PRODUCT_NAME = "$(TARGET_NAME)";
				SWIFT_VERSION = 5.0;
				TARGETED_DEVICE_FAMILY = "1,2";
			};
			name = Debug;
		};
		31AEBDC1271C68C30004BBB9 /* Release */ = {
			isa = XCBuildConfiguration;
			buildSettings = {
				ASSETCATALOG_COMPILER_APPICON_NAME = AppIcon;
				ASSETCATALOG_COMPILER_GLOBAL_ACCENT_COLOR_NAME = AccentColor;
				CODE_SIGN_STYLE = Automatic;
				DEVELOPMENT_ASSET_PATHS = "\"LowTemp/Preview Content\"";
				DEVELOPMENT_TEAM = B495R386KM;
				ENABLE_PREVIEWS = YES;
				INFOPLIST_FILE = LowTemp/Info.plist;
				IPHONEOS_DEPLOYMENT_TARGET = 14.0;
				LD_RUNPATH_SEARCH_PATHS = (
					"$(inherited)",
					"@executable_path/Frameworks",
				);
				PRODUCT_BUNDLE_IDENTIFIER = com.allendav.LowTemp;
				PRODUCT_NAME = "$(TARGET_NAME)";
				SWIFT_VERSION = 5.0;
				TARGETED_DEVICE_FAMILY = "1,2";
			};
			name = Release;
		};
/* End XCBuildConfiguration section */

/* Begin XCConfigurationList section */
		31AEBDAB271C68C10004BBB9 /* Build configuration list for PBXProject "LowTemp" */ = {
			isa = XCConfigurationList;
			buildConfigurations = (
				31AEBDBD271C68C30004BBB9 /* Debug */,
				31AEBDBE271C68C30004BBB9 /* Release */,
			);
			defaultConfigurationIsVisible = 0;
			defaultConfigurationName = Release;
		};
		31AEBDBF271C68C30004BBB9 /* Build configuration list for PBXNativeTarget "LowTemp" */ = {
			isa = XCConfigurationList;
			buildConfigurations = (
				31AEBDC0271C68C30004BBB9 /* Debug */,
				31AEBDC1271C68C30004BBB9 /* Release */,
			);
			defaultConfigurationIsVisible = 0;
			defaultConfigurationName = Release;
		};
/* End XCConfigurationList section */
	};
	rootObject = 31AEBDA8271C68C10004BBB9 /* Project object */;
}
